---
lockfileVersion: '9.0'

importers:

  .:
    configDependencies: {}
    packageManagerDependencies:
      pnpm:
        specifier: 12.6.0
        version: 12.6.0

packages:

  '@pnpm/exe.android-arm64@12.6.0':
    resolution: {integrity: sha512-kviIHft9h02q+7N2In7tSL9T/HRUSGwYmU74YPtsWU5ee7vgqPyC0JT6RRX6miW+NxX1CvHgQxg69qq1qTLJYQ==}
    cpu: [arm64]
    os: [android]

  '@pnpm/exe.android-x64@12.6.0':
    resolution: {integrity: sha512-CT8aJKLq2mtZFE71pr4E5Z2xHL8uGnRGr+NclDqsXlVF4SVcQ2QAs14mWi0C8gjT4hbmi+Q0lJRRIkMAWfjjng==}
    cpu: [x64]
    os: [android]

  '@pnpm/exe.darwin-arm64@12.6.0':
    resolution: {integrity: sha512-rafpVkjzugKBMxSvGQd5wK1x5eOTkD/+lcJIFHeQhvd+BJ8kDisOOvwhQDrpGd4vd2Fx+hhW0P2Ptt638OlhFg==}
    cpu: [arm64]
    os: [darwin]

  '@pnpm/exe.darwin-x64@12.6.0':
    resolution: {integrity: sha512-72Jpuv1m24gI8zUNcaylYpBWEhBzz1VPhnDIU2GYM2eRP+KsOqVLwV78i+JrihI39zY2NNXmaN4eAKX1inpaDQ==}
    cpu: [x64]
    os: [darwin]

  '@pnpm/exe.freebsd-x64@12.6.0':
    resolution: {integrity: sha512-LON4QgNy1w/XF4uySZIyC/5hEB0oGdelXsY9tSKqstER+2j2X2oHz67skD11RRd/HWFRtMr64shQZ4I9ZoZ0zg==}
    cpu: [x64]
    os: [freebsd]

  '@pnpm/exe.linux-arm64-musl@12.6.0':
    resolution: {integrity: sha512-BdDpX+DeaMUc5x6WNcE6FkmFy36NwrBbBvwsZU737Zt3u1fTY+iKFPchjEQNCM4rT6q6xvF2oN3ZwExGsJCkxQ==}
    cpu: [arm64]
    os: [linux]
    libc: [musl]

  '@pnpm/exe.linux-arm64@12.6.0':
    resolution: {integrity: sha512-8h2sNoIhHDpHDYqZZCh9PXr6krqW10btb0GHVGuw710muDHlFAHMtUG2ogmaHge6zJG1xgY4Y7mwX5g/LWvrYg==}
    cpu: [arm64]
    os: [linux]
    libc: [glibc]

  '@pnpm/exe.linux-ppc64@12.6.0':
    resolution: {integrity: sha512-ld6xgcEhFCFrsVsJhbmdmR714PnsEspO/Ij8w0/D7OSiz2hYGu3fZd5tKRxOI5m6H6Gl0/RRFAPncTHbsgXVjQ==}
    cpu: [ppc64]
    os: [linux]
    libc: [glibc]

  '@pnpm/exe.linux-riscv64@12.6.0':
    resolution: {integrity: sha512-HIbImydoC3J8NFt+8MXfhTCf5rO6NjCMyinSAHac0VmV8uCHw+kbQkyAzxV84rzz9ZOzmBOnj0b1N461UIYGsw==}
    cpu: [riscv64]
    os: [linux]
    libc: [glibc]

  '@pnpm/exe.linux-s390x@12.6.0':
    resolution: {integrity: sha512-DjSqT7+BZ/lWcDHwNMuzsRVfyxUimh+D54Xw4tSWbdVVQhtWtNMUyI93LVnwCmsoEpar2gC3SFeAgywx37svKQ==}
    cpu: [s390x]
    os: [linux]
    libc: [glibc]

  '@pnpm/exe.linux-x64-musl@12.6.0':
    resolution: {integrity: sha512-31lKeGPmRE6xfV6I3VjaEGVFRei14pl/zgoFDK4w+UkbJqOuNl2Ht3O1GuqNIg3Gl14qTEb4kZRAYFHXifDx9A==}
    cpu: [x64]
    os: [linux]
    libc: [musl]

  '@pnpm/exe.linux-x64@12.6.0':
    resolution: {integrity: sha512-qFWBneHJAJ73W4whtbaFOL1M/7DBC6ILHXuxc7ZPtEhfPuT1zeZiGrmKHoMAfJA+mcm6xhOFljqVTUS+00Jabw==}
    cpu: [x64]
    os: [linux]
    libc: [glibc]

  '@pnpm/exe.win32-arm64@12.6.0':
    resolution: {integrity: sha512-OhfefXEEykZlslSUhR8PPRe6MVPV3Oink/dVfIecE5velpc7j80cZYsHlaDrtRDcm3TPwQHkaRW1SJ1efX9oFg==}
    cpu: [arm64]
    os: [win32]

  '@pnpm/exe.win32-x64@12.6.0':
    resolution: {integrity: sha512-L2tuyrD2+Imgxs3VK/ST/2L3xD6vDP0ktJQxM0TaGw7TbAQEMq+RMc8iK6Ew7Id579uzjJe8jSfJID2ZGsOHCA==}
    cpu: [x64]
    os: [win32]

  pnpm@12.6.0:
    resolution: {integrity: sha512-PvaPlRyxEawgS0paFvCy3fDaVqluBBPoHYVdnwtV75JnFHCQKOHNAMQFwsX7e56OxNxGd3yAXQNzwvL/AP0g7A==}
    engines: {node: '>=18.*'}
    hasBin: true

snapshots:

  '@pnpm/exe.android-arm64@12.6.0':
    optional: true

  '@pnpm/exe.android-x64@12.6.0':
    optional: true

  '@pnpm/exe.darwin-arm64@12.6.0':
    optional: true

  '@pnpm/exe.darwin-x64@12.6.0':
    optional: true

  '@pnpm/exe.freebsd-x64@12.6.0':
    optional: true

  '@pnpm/exe.linux-arm64-musl@12.6.0':
    optional: true

  '@pnpm/exe.linux-arm64@12.6.0':
    optional: true

  '@pnpm/exe.linux-ppc64@12.6.0':
    optional: true

  '@pnpm/exe.linux-riscv64@12.6.0':
    optional: true

  '@pnpm/exe.linux-s390x@12.6.0':
    optional: true

  '@pnpm/exe.linux-x64-musl@12.6.0':
    optional: true

  '@pnpm/exe.linux-x64@12.6.0':
    optional: true

  '@pnpm/exe.win32-arm64@12.6.0':
    optional: true

  '@pnpm/exe.win32-x64@12.6.0':
    optional: true

  pnpm@12.6.0:
    optionalDependencies:
      '@pnpm/exe.android-arm64': 12.6.0
      '@pnpm/exe.android-x64': 12.6.0
      '@pnpm/exe.darwin-arm64': 12.6.0
      '@pnpm/exe.darwin-x64': 12.6.0
      '@pnpm/exe.freebsd-x64': 12.6.0
      '@pnpm/exe.linux-arm64': 12.6.0
      '@pnpm/exe.linux-arm64-musl': 12.6.0
      '@pnpm/exe.linux-ppc64': 12.6.0
      '@pnpm/exe.linux-riscv64': 12.6.0
      '@pnpm/exe.linux-s390x': 12.6.0
      '@pnpm/exe.linux-x64': 12.6.0
      '@pnpm/exe.linux-x64-musl': 12.6.0
      '@pnpm/exe.win32-arm64': 12.6.0
      '@pnpm/exe.win32-x64': 12.6.0

---
lockfileVersion: '9.0'

settings:
  autoInstallPeers: true
  excludeLinksFromLockfile: false

importers:

  .:
    devDependencies:
      '@tauri-apps/cli':
        specifier: 2.12.0
        version: 2.12.0

packages:

  '@tauri-apps/cli-darwin-arm64@2.12.0':
    resolution: {integrity: sha512-v5J+jISihLGtih1+3yWagbsL+5dbLZORu4vaSI0vhY0Heb+MAW+T/1s1RyKxrQrwEPGBG5kqwfDDTnSbmVkuqA==}
    engines: {node: '>= 10'}
    cpu: [arm64]
    os: [darwin]

  '@tauri-apps/cli-darwin-x64@2.12.0':
    resolution: {integrity: sha512-g27I07pfW/dMS8vcNqB9lamgKF0TqLlcy8e7t9qDGsB1iaeyjJWb2TgBF4tM9ZwLqPAZUXbsz28oXljO12WC4g==}
    engines: {node: '>= 10'}
    cpu: [x64]
    os: [darwin]

  '@tauri-apps/cli-linux-arm-gnueabihf@2.12.0':
    resolution: {integrity: sha512-gXyQ710fNc99YuxFxNyeX9PLSrIpbtgBBj7GQo9tSeRT6fIK40q3/gm7X5jqZo7mWLR2m0R/2ALd3vAWo0Z32Q==}
    engines: {node: '>= 10'}
    cpu: [arm]
    os: [linux]

  '@tauri-apps/cli-linux-arm64-gnu@2.12.0':
    resolution: {integrity: sha512-H9cyXuq9WgxoHh2NZ+R+oN+W78x5UwaBDEp0/fmqUUkaBoioCuOZErM9xKiIV6bpNAhmw1RoWZ49u37q/vaiAg==}
    engines: {node: '>= 10'}
    cpu: [arm64]
    os: [linux]
    libc: [glibc]

  '@tauri-apps/cli-linux-arm64-musl@2.12.0':
    resolution: {integrity: sha512-5tFuk3JKMBa1M/iN4gN32OYlSfhY3aqb5PO3zCugxaT+sfecyMKpc3EM9VDbhmwWBE9QD4Tfj7wGhlqx2yy2pQ==}
    engines: {node: '>= 10'}
    cpu: [arm64]
    os: [linux]
    libc: [musl]

  '@tauri-apps/cli-linux-riscv64-gnu@2.12.0':
    resolution: {integrity: sha512-LOrMyV+nb7pKq8P0BZtTBQuyzm1ORjn16R9MlupmxuT5LqxtuYJlw3VMwbaeXCToJ8jbP5u9JnkfmbqDlvETXw==}
    engines: {node: '>= 10'}
    cpu: [riscv64]
    os: [linux]
    libc: [glibc]

  '@tauri-apps/cli-linux-x64-gnu@2.12.0':
    resolution: {integrity: sha512-aMIkI+X9qvD2+k80QZB3tuOYT41/cEheikC510CwAIZ31KLXORsRASYYzM4mi1/58ICmtzSLFhCC08keir7COw==}
    engines: {node: '>= 10'}
    cpu: [x64]
    os: [linux]
    libc: [glibc]

  '@tauri-apps/cli-linux-x64-musl@2.12.0':
    resolution: {integrity: sha512-9gl3NhUbfuGhSKjeGCypKSdtoezOQRcDUrkhTWtLQEjnajets6peO6NadgI2DF0OzbiiFOzrnnIGMwBS+Ap6Iw==}
    engines: {node: '>= 10'}
    cpu: [x64]
    os: [linux]
    libc: [musl]

  '@tauri-apps/cli-win32-arm64-msvc@2.12.0':
    resolution: {integrity: sha512-1W+v86wsYLuyBDN0iDessD4CD9o+yNyO0m8Dp3+/vfjiZrJ/v7R7/aTRBeikaq2tLGgxeag0gxnFggBNBGw91A==}
    engines: {node: '>= 10'}
    cpu: [arm64]
    os: [win32]

  '@tauri-apps/cli-win32-ia32-msvc@2.12.0':
    resolution: {integrity: sha512-SsBjvq4f7YaBGqcWoE3cycoItPf0SrQeqFqWWgfxoeZWAIz01E31LDSeZ2p/etJiIY0R9oi045chkFfb0O7WGw==}
    engines: {node: '>= 10'}
    cpu: [ia32]
    os: [win32]

  '@tauri-apps/cli-win32-x64-msvc@2.12.0':
    resolution: {integrity: sha512-9zzDKYUH4TKKBgRdDdVQX8fiRO5gJ8hD1nGsHU9DOHG5Jpm3arjbu9Xg1frR20EusG3Sl8X0dppoO/4EoUXUGg==}
    engines: {node: '>= 10'}
    cpu: [x64]
    os: [win32]

  '@tauri-apps/cli@2.12.0':
    resolution: {integrity: sha512-GIShnAR4C16kSTA8NO02fo8fOw/I5z5sAUEB5S2HlPHFnBkbihL4c9a/MpkxOm1+q5S+tFd3X4QUjHWxfyGzpQ==}
    engines: {node: '>= 10'}
    hasBin: true

snapshots:

  '@tauri-apps/cli-darwin-arm64@2.12.0':
    optional: true

  '@tauri-apps/cli-darwin-x64@2.12.0':
    optional: true

  '@tauri-apps/cli-linux-arm-gnueabihf@2.12.0':
    optional: true

  '@tauri-apps/cli-linux-arm64-gnu@2.12.0':
    optional: true

  '@tauri-apps/cli-linux-arm64-musl@2.12.0':
    optional: true

  '@tauri-apps/cli-linux-riscv64-gnu@2.12.0':
    optional: true

  '@tauri-apps/cli-linux-x64-gnu@2.12.0':
    optional: true

  '@tauri-apps/cli-linux-x64-musl@2.12.0':
    optional: true

  '@tauri-apps/cli-win32-arm64-msvc@2.12.0':
    optional: true

  '@tauri-apps/cli-win32-ia32-msvc@2.12.0':
    optional: true

  '@tauri-apps/cli-win32-x64-msvc@2.12.0':
    optional: true

  '@tauri-apps/cli@2.12.0':
    optionalDependencies:
      '@tauri-apps/cli-darwin-arm64': 2.12.0
      '@tauri-apps/cli-darwin-x64': 2.12.0
      '@tauri-apps/cli-linux-arm-gnueabihf': 2.12.0
      '@tauri-apps/cli-linux-arm64-gnu': 2.12.0
      '@tauri-apps/cli-linux-arm64-musl': 2.12.0
      '@tauri-apps/cli-linux-riscv64-gnu': 2.12.0
      '@tauri-apps/cli-linux-x64-gnu': 2.12.0
      '@tauri-apps/cli-linux-x64-musl': 2.12.0
      '@tauri-apps/cli-win32-arm64-msvc': 2.12.0
      '@tauri-apps/cli-win32-ia32-msvc': 2.12.0
      '@tauri-apps/cli-win32-x64-msvc': 2.12.0
